
Microsoft Visual Studio Solution File, Format Version 12.00
# Visual Studio 15
VisualStudioVersion = 15.0.27130.2026
MinimumVisualStudioVersion = 10.0.40219.1
Project("{FAE04EC0-301F-11D3-BF4B-00C04F79EFBC}") = "LuceneNetEFCoreSearchTools", "LuceneNetEFCoreSearchTools\LuceneNetEFCoreSearchTools.csproj", "{CCDBF07B-18A2-4C5C-A9D0-D05A81C43EEB}"
EndProject
Project("{FAE04EC0-301F-11D3-BF4B-00C04F79EFBC}") = "LuceneNetEFCoreSearchTools.Tests", "LuceneNetEFCoreSearchTools.Tests\LuceneNetEFCoreSearchTools.Tests.csproj", "{C3CC431C-00BE-4F05-A833-86A1C263E432}"
EndProject
Project("{FAE04EC0-301F-11D3-BF4B-00C04F79EFBC}") = "LuceneNetEFCoreSearchTools.Web", "LuceneNetEFCoreSearchTools.Web\LuceneNetEFCoreSearchTools.Web.csproj", "{0D8DFC3D-566D-4522-86DC-D1FF6C9FC431}"
EndProject
Global
	GlobalSection(SolutionConfigurationPlatforms) = preSolution
		Debug|Any CPU = Debug|Any CPU
		Release|Any CPU = Release|Any CPU
	EndGlobalSection
	GlobalSection(ProjectConfigurationPlatforms) = postSolution
		{CCDBF07B-18A2-4C5C-A9D0-D05A81C43EEB}.Debug|Any CPU.ActiveCfg = Debug|Any CPU
		{CCDBF07B-18A2-4C5C-A9D0-D05A81C43EEB}.Debug|Any CPU.Build.0 = Debug|Any CPU
		{CCDBF07B-18A2-4C5C-A9D0-D05A81C43EEB}.Release|Any CPU.ActiveCfg = Release|Any CPU
		{CCDBF07B-18A2-4C5C-A9D0-D05A81C43EEB}.Release|Any CPU.Build.0 = Release|Any CPU
		{C3CC431C-00BE-4F05-A833-86A1C263E432}.Debug|Any CPU.ActiveCfg = Debug|Any CPU
		{C3CC431C-00BE-4F05-A833-86A1C263E432}.Debug|Any CPU.Build.0 = Debug|Any CPU
		{C3CC431C-00BE-4F05-A833-86A1C263E432}.Release|Any CPU.ActiveCfg = Release|Any CPU
		{C3CC431C-00BE-4F05-A833-86A1C263E432}.Release|Any CPU.Build.0 = Release|Any CPU
		{0D8DFC3D-566D-4522-86DC-D1FF6C9FC431}.Debug|Any CPU.ActiveCfg = Debug|Any CPU
		{0D8DFC3D-566D-4522-86DC-D1FF6C9FC431}.Debug|Any CPU.Build.0 = Debug|Any CPU
		{0D8DFC3D-566D-4522-86DC-D1FF6C9FC431}.Release|Any CPU.ActiveCfg = Release|Any CPU
		{0D8DFC3D-566D-4522-86DC-D1FF6C9FC431}.Release|Any CPU.Build.0 = Release|Any CPU
	EndGlobalSection
	GlobalSection(SolutionProperties) = preSolution
		HideSolutionNode = FALSE
	EndGlobalSection
	GlobalSection(ExtensibilityGlobals) = postSolution
		SolutionGuid = {7B167511-636F-402F-BC2B-57259909E352}
	EndGlobalSection
EndGlobal
